// !$*UTF8*$!
{
	archiveVersion = 1;
	classes = {
	};
	objectVersion = 46;
	objects = {

/* Begin PBXBuildFile section */
		92942439145AFADC00D678AE /* UIKit.framework in Frameworks */ = {isa = PBXBuildFile; fileRef = 92942438145AFADC00D678AE /* UIKit.framework */; };
		9294243B145AFADC00D678AE /* Foundation.framework in Frameworks */ = {isa = PBXBuildFile; fileRef = 9294243A145AFADC00D678AE /* Foundation.framework */; };
		9294243D145AFADC00D678AE /* CoreGraphics.framework in Frameworks */ = {isa = PBXBuildFile; fileRef = 9294243C145AFADC00D678AE /* CoreGraphics.framework */; };
		92E6AD31145B3FED009886F9 /* HelloAppAppDelegate.m in Sources */ = {isa = PBXBuildFile; fileRef = 92E6AD29145B3FED009886F9 /* HelloAppAppDelegate.m */; };
		92E6AD34145B3FED009886F9 /* libhello-lib.a in Frameworks */ = {isa = PBXBuildFile; fileRef = 92E6AD2E145B3FED009886F9 /* libhello-lib.a */; };
		92E6AD35145B3FEE009886F9 /* main.m in Sources */ = {isa = PBXBuildFile; fileRef = 92E6AD2F145B3FED009886F9 /* main.m */; };
		92E6AD36145B3FEE009886F9 /* MainWindow.xib in Resources */ = {isa = PBXBuildFile; fileRef = 92E6AD30145B3FED009886F9 /* MainWindow.xib */; };
/* End PBXBuildFile section */

/* Begin PBXFileReference section */
		92942434145AFADC00D678AE /* HelloApp.app */ = {isa = PBXFileReference; explicitFileType = wrapper.application; includeInIndex = 0; path = HelloApp.app; sourceTree = BUILT_PRODUCTS_DIR; };
		92942438145AFADC00D678AE /* UIKit.framework */ = {isa = PBXFileReference; lastKnownFileType = wrapper.framework; name = UIKit.framework; path = System/Library/Frameworks/UIKit.framework; sourceTree = SDKROOT; };
		9294243A145AFADC00D678AE /* Foundation.framework */ = {isa = PBXFileReference; lastKnownFileType = wrapper.framework; name = Foundation.framework; path = System/Library/Frameworks/Foundation.framework; sourceTree = SDKROOT; };
		9294243C145AFADC00D678AE /* CoreGraphics.framework */ = {isa = PBXFileReference; lastKnownFileType = wrapper.framework; name = CoreGraphics.framework; path = System/Library/Frameworks/CoreGraphics.framework; sourceTree = SDKROOT; };
		92E6AD25145B3FDA009886F9 /* HelloApp-Info.plist */ = {isa = PBXFileReference; fileEncoding = 4; lastKnownFileType = text.plist.xml; path = "HelloApp-Info.plist"; sourceTree = "<group>"; };
		92E6AD26145B3FDA009886F9 /* HelloApp-Prefix.pch */ = {isa = PBXFileReference; fileEncoding = 4; lastKnownFileType = sourcecode.c.h; path = "HelloApp-Prefix.pch"; sourceTree = "<group>"; };
		92E6AD28145B3FED009886F9 /* HelloAppAppDelegate.h */ = {isa = PBXFileReference; fileEncoding = 4; lastKnownFileType = sourcecode.c.h; path = HelloAppAppDelegate.h; sourceTree = "<group>"; };
		92E6AD29145B3FED009886F9 /* HelloAppAppDelegate.m */ = {isa = PBXFileReference; fileEncoding = 4; lastKnownFileType = sourcecode.c.objc; path = HelloAppAppDelegate.m; sourceTree = "<group>"; };
		92E6AD2A145B3FED009886F9 /* HelloIOS.h */ = {isa = PBXFileReference; fileEncoding = 4; lastKnownFileType = sourcecode.c.h; path = HelloIOS.h; sourceTree = "<group>"; };
		92E6AD2C145B3FED009886F9 /* HelloWorld.h */ = {isa = PBXFileReference; fileEncoding = 4; lastKnownFileType = sourcecode.c.h; path = HelloWorld.h; sourceTree = "<group>"; };
		92E6AD2E145B3FED009886F9 /* libhello-lib.a */ = {isa = PBXFileReference; lastKnownFileType = archive.ar; path = "libhello-lib.a"; sourceTree = "<group>"; };
		92E6AD2F145B3FED009886F9 /* main.m */ = {isa = PBXFileReference; fileEncoding = 4; lastKnownFileType = sourcecode.c.objc; path = main.m; sourceTree = "<group>"; };
		92E6AD30145B3FED009886F9 /* MainWindow.xib */ = {isa = PBXFileReference; fileEncoding = 4; lastKnownFileType = file.xib; path = MainWindow.xib; sourceTree = "<group>"; };
/* End PBXFileReference section */

/* Begin PBXFrameworksBuildPhase section */
		92942431145AFADC00D678AE /* Frameworks */ = {
			isa = PBXFrameworksBuildPhase;
			buildActionMask = 2147483647;
			files = (
				92942439145AFADC00D678AE /* UIKit.framework in Frameworks */,
				9294243B145AFADC00D678AE /* Foundation.framework in Frameworks */,
				9294243D145AFADC00D678AE /* CoreGraphics.framework in Frameworks */,
				92E6AD34145B3FED009886F9 /* libhello-lib.a in Frameworks */,
			);
			runOnlyForDeploymentPostprocessing = 0;
		};
/* End PBXFrameworksBuildPhase section */

/* Begin PBXGroup section */
		92942429145AFADC00D678AE = {
			isa = PBXGroup;
			children = (
				92E6AD28145B3FED009886F9 /* HelloAppAppDelegate.h */,
				92E6AD29145B3FED009886F9 /* HelloAppAppDelegate.m */,
				92E6AD2A145B3FED009886F9 /* HelloIOS.h */,
				92E6AD2C145B3FED009886F9 /* HelloWorld.h */,
				92E6AD2E145B3FED009886F9 /* libhello-lib.a */,
				92E6AD2F145B3FED009886F9 /* main.m */,
				92E6AD30145B3FED009886F9 /* MainWindow.xib */,
				92E6AD25145B3FDA009886F9 /* HelloApp-Info.plist */,
				92E6AD26145B3FDA009886F9 /* HelloApp-Prefix.pch */,
				92942437145AFADC00D678AE /* Frameworks */,
				92942435145AFADC00D678AE /* Products */,
			);
			sourceTree = "<group>";
		};
		92942435145AFADC00D678AE /* Products */ = {
			isa = PBXGroup;
			children = (
				92942434145AFADC00D678AE /* HelloApp.app */,
			);
			name = Products;
			sourceTree = "<group>";
		};
		92942437145AFADC00D678AE /* Frameworks */ = {
			isa = PBXGroup;
			children = (
				92942438145AFADC00D678AE /* UIKit.framework */,
				9294243A145AFADC00D678AE /* Foundation.framework */,
				9294243C145AFADC00D678AE /* CoreGraphics.framework */,
			);
			name = Frameworks;
			sourceTree = "<group>";
		};
/* End PBXGroup section */

/* Begin PBXNativeTarget section */
		92942433145AFADC00D678AE /* HelloApp */ = {
			isa = PBXNativeTarget;
			buildConfigurationList = 92942455145AFADC00D678AE /* Build configuration list for PBXNativeTarget "HelloApp" */;
			buildPhases = (
				92942430145AFADC00D678AE /* Sources */,
				92942431145AFADC00D678AE /* Frameworks */,
				92942432145AFADC00D678AE /* Resources */,
			);
			buildRules = (
			);
			dependencies = (
			);
			name = HelloApp;
			productName = HelloApp;
			productReference = 92942434145AFADC00D678AE /* HelloApp.app */;
			productType = "com.apple.product-type.application";
		};
/* End PBXNativeTarget section */

/* Begin PBXProject section */
		9294242B145AFADC00D678AE /* Project object */ = {
			isa = PBXProject;
			buildConfigurationList = 9294242E145AFADC00D678AE /* Build configuration list for PBXProject "HelloApp" */;
			compatibilityVersion = "Xcode 3.2";
			developmentRegion = English;
			hasScannedForEncodings = 0;
			knownRegions = (
				en,
			);
			mainGroup = 92942429145AFADC00D678AE;
			productRefGroup = 92942435145AFADC00D678AE /* Products */;
			projectDirPath = "";
			projectRoot = "";
			targets = (
				92942433145AFADC00D678AE /* HelloApp */,
			);
		};
/* End PBXProject section */

/* Begin PBXResourcesBuildPhase section */
		92942432145AFADC00D678AE /* Resources */ = {
			isa = PBXResourcesBuildPhase;
			buildActionMask = 2147483647;
			files = (
				92E6AD36145B3FEE009886F9 /* MainWindow.xib in Resources */,
			);
			runOnlyForDeploymentPostprocessing = 0;
		};
/* End PBXResourcesBuildPhase section */

/* Begin PBXSourcesBuildPhase section */
		92942430145AFADC00D678AE /* Sources */ = {
			isa = PBXSourcesBuildPhase;
			buildActionMask = 2147483647;
			files = (
				92E6AD31145B3FED009886F9 /* HelloAppAppDelegate.m in Sources */,
				92E6AD35145B3FEE009886F9 /* main.m in Sources */,
			);
			runOnlyForDeploymentPostprocessing = 0;
		};
/* End PBXSourcesBuildPhase section */

/* Begin XCBuildConfiguration section */
		92942453145AFADC00D678AE /* Debug */ = {
			isa = XCBuildConfiguration;
			buildSettings = {
				ARCHS = "$(ARCHS_STANDARD_32_BIT)";
				"CODE_SIGN_IDENTITY[sdk=iphoneos*]" = "iPhone Developer";
				GCC_C_LANGUAGE_STANDARD = gnu99;
				GCC_OPTIMIZATION_LEVEL = 0;
				GCC_PREPROCESSOR_DEFINITIONS = DEBUG;
				GCC_SYMBOLS_PRIVATE_EXTERN = NO;
				GCC_VERSION = com.apple.compilers.llvmgcc42;
				GCC_WARN_ABOUT_RETURN_TYPE = YES;
				GCC_WARN_UNUSED_VARIABLE = YES;
				IPHONEOS_DEPLOYMENT_TARGET = 4.3;
				SDKROOT = iphoneos;
			};
			name = Debug;
		};
		92942454145AFADC00D678AE /* Release */ = {
			isa = XCBuildConfiguration;
			buildSettings = {
				ARCHS = "$(ARCHS_STANDARD_32_BIT)";
				"CODE_SIGN_IDENTITY[sdk=iphoneos*]" = "iPhone Developer";
				GCC_C_LANGUAGE_STANDARD = gnu99;
				GCC_VERSION = com.apple.compilers.llvmgcc42;
				GCC_WARN_ABOUT_RETURN_TYPE = YES;
				GCC_WARN_UNUSED_VARIABLE = YES;
				IPHONEOS_DEPLOYMENT_TARGET = 4.3;
				OTHER_CFLAGS = "-DNS_BLOCK_ASSERTIONS=1";
				SDKROOT = iphoneos;
			};
			name = Release;
		};
		92942456145AFADC00D678AE /* Debug */ = {
			isa = XCBuildConfiguration;
			buildSettings = {
				ALWAYS_SEARCH_USER_PATHS = NO;
				COPY_PHASE_STRIP = NO;
				GCC_DYNAMIC_NO_PIC = NO;
				GCC_PRECOMPILE_PREFIX_HEADER = YES;
				GCC_PREFIX_HEADER = "HelloApp-Prefix.pch";
				INFOPLIST_FILE = "HelloApp-Info.plist";
				LIBRARY_SEARCH_PATHS = (
					"$(inherited)",
					"\"$(SRCROOT)\"",
				);
				OTHER_LDFLAGS = "-lstdc++";
				PRODUCT_NAME = "$(TARGET_NAME)";
				WRAPPER_EXTENSION = app;
			};
			name = Debug;
		};
		92942457145AFADC00D678AE /* Release */ = {
			isa = XCBuildConfiguration;
			buildSettings = {
				ALWAYS_SEARCH_USER_PATHS = NO;
				COPY_PHASE_STRIP = YES;
				GCC_PRECOMPILE_PREFIX_HEADER = YES;
				GCC_PREFIX_HEADER = "HelloApp-Prefix.pch";
				INFOPLIST_FILE = "HelloApp-Info.plist";
				LIBRARY_SEARCH_PATHS = (
					"$(inherited)",
					"\"$(SRCROOT)\"",
				);
				OTHER_LDFLAGS = "-lstdc++";
				PRODUCT_NAME = "$(TARGET_NAME)";
				VALIDATE_PRODUCT = YES;
				WRAPPER_EXTENSION = app;
			};
			name = Release;
		};
/* End XCBuildConfiguration section */

/* Begin XCConfigurationList section */
		9294242E145AFADC00D678AE /* Build configuration list for PBXProject "HelloApp" */ = {
			isa = XCConfigurationList;
			buildConfigurations = (
				92942453145AFADC00D678AE /* Debug */,
				92942454145AFADC00D678AE /* Release */,
			);
			defaultConfigurationIsVisible = 0;
			defaultConfigurationName = Release;
		};
		92942455145AFADC00D678AE /* Build configuration list for PBXNativeTarget "HelloApp" */ = {
			isa = XCConfigurationList;
			buildConfigurations = (
				92942456145AFADC00D678AE /* Debug */,
				92942457145AFADC00D678AE /* Release */,
			);
			defaultConfigurationIsVisible = 0;
			defaultConfigurationName = Release;
		};
/* End XCConfigurationList section */
	};
	rootObject = 9294242B145AFADC00D678AE /* Project object */;
}
