<?xml version="1.0" encoding="UTF-8" standalone="yes" ?>
<CodeBlocks_project_file>
	<FileVersion major="1" minor="6" />
	<Project>
		<Option title="Demos" />
		<Option pch_mode="2" />
		<Option compiler="gcc" />
		<Build>
			<Target title="Scaling - Debug">
				<Option output="scaling-demo" prefix_auto="1" extension_auto="1" />
				<Option object_output="obj/Scaling-Debug/" />
				<Option type="1" />
				<Option compiler="gcc" />
				<Compiler>
					<Add option="-g" />
					<Add option="`sdl-config --cflags`" />
				</Compiler>
				<Linker>
					<Add option="`sdl-config --libs`" />
					<Add library="GL" />
				</Linker>
			</Target>
			<Target title="Scaling - Release">
				<Option output="scaling-demo" prefix_auto="1" extension_auto="1" />
				<Option object_output="obj/Scaling-Release/" />
				<Option type="0" />
				<Option compiler="gcc" />
				<Compiler>
					<Add option="-O2" />
					<Add option="`sdl-config --cflags`" />
				</Compiler>
				<Linker>
					<Add option="-s" />
					<Add option="`sdl-config --libs`" />
					<Add library="GL" />
				</Linker>
			</Target>
		</Build>
		<Compiler>
			<Add option="-Wall" />
			<Add directory="../source" />
		</Compiler>
		<Unit filename="scaling/main.c">
			<Option compilerVar="CC" />
		</Unit>
		<Unit filename="../source/SDL_gpu.c">
			<Option compilerVar="CC" />
		</Unit>
		<Unit filename="../source/SDL_gpu.h" />
		<Extensions>
			<code_completion />
			<debugger />
		</Extensions>
	</Project>
</CodeBlocks_project_file>
